
Microsoft Visual Studio Solution File, Format Version 12.00
# Visual Studio Version 16
VisualStudioVersion = 16.0.31515.178
MinimumVisualStudioVersion = 10.0.40219.1
Project("{9A19103F-16F7-4668-BE54-9A1E7A4F7556}") = "example_1", "example\example_1.csproj", "{2A310E10-21EB-4AC6-B6E7-BA50A070E9D0}"
EndProject
Project("{9A19103F-16F7-4668-BE54-9A1E7A4F7556}") = "example_2", "example_2\example_2.csproj", "{3F52110E-83C8-44F2-AE7F-AB71C85A6222}"
EndProject
Project("{FAE04EC0-301F-11D3-BF4B-00C04F79EFBC}") = "Example_3", "Example_3\Example_3.csproj", "{FCFDB0B7-D6B3-44FC-9CED-29D31CA612E9}"
EndProject
Project("{FAE04EC0-301F-11D3-BF4B-00C04F79EFBC}") = "example_4", "example_4\example_4.csproj", "{B50D0DB7-AFFD-4065-BE03-4F16F51BB1D4}"
EndProject
Project("{FAE04EC0-301F-11D3-BF4B-00C04F79EFBC}") = "example_5", "example_5\example_5.csproj", "{88136F11-B415-4AAB-8F5B-02B44B7940F2}"
EndProject
Global
	GlobalSection(SolutionConfigurationPlatforms) = preSolution
		Debug|Any CPU = Debug|Any CPU
		Release|Any CPU = Release|Any CPU
	EndGlobalSection
	GlobalSection(ProjectConfigurationPlatforms) = postSolution
		{2A310E10-21EB-4AC6-B6E7-BA50A070E9D0}.Debug|Any CPU.ActiveCfg = Debug|Any CPU
		{2A310E10-21EB-4AC6-B6E7-BA50A070E9D0}.Debug|Any CPU.Build.0 = Debug|Any CPU
		{2A310E10-21EB-4AC6-B6E7-BA50A070E9D0}.Release|Any CPU.ActiveCfg = Release|Any CPU
		{2A310E10-21EB-4AC6-B6E7-BA50A070E9D0}.Release|Any CPU.Build.0 = Release|Any CPU
		{3F52110E-83C8-44F2-AE7F-AB71C85A6222}.Debug|Any CPU.ActiveCfg = Debug|Any CPU
		{3F52110E-83C8-44F2-AE7F-AB71C85A6222}.Debug|Any CPU.Build.0 = Debug|Any CPU
		{3F52110E-83C8-44F2-AE7F-AB71C85A6222}.Release|Any CPU.ActiveCfg = Release|Any CPU
		{3F52110E-83C8-44F2-AE7F-AB71C85A6222}.Release|Any CPU.Build.0 = Release|Any CPU
		{FCFDB0B7-D6B3-44FC-9CED-29D31CA612E9}.Debug|Any CPU.ActiveCfg = Debug|Any CPU
		{FCFDB0B7-D6B3-44FC-9CED-29D31CA612E9}.Debug|Any CPU.Build.0 = Debug|Any CPU
		{FCFDB0B7-D6B3-44FC-9CED-29D31CA612E9}.Release|Any CPU.ActiveCfg = Release|Any CPU
		{FCFDB0B7-D6B3-44FC-9CED-29D31CA612E9}.Release|Any CPU.Build.0 = Release|Any CPU
		{B50D0DB7-AFFD-4065-BE03-4F16F51BB1D4}.Debug|Any CPU.ActiveCfg = Debug|Any CPU
		{B50D0DB7-AFFD-4065-BE03-4F16F51BB1D4}.Debug|Any CPU.Build.0 = Debug|Any CPU
		{B50D0DB7-AFFD-4065-BE03-4F16F51BB1D4}.Release|Any CPU.ActiveCfg = Release|Any CPU
		{B50D0DB7-AFFD-4065-BE03-4F16F51BB1D4}.Release|Any CPU.Build.0 = Release|Any CPU
		{88136F11-B415-4AAB-8F5B-02B44B7940F2}.Debug|Any CPU.ActiveCfg = Debug|Any CPU
		{88136F11-B415-4AAB-8F5B-02B44B7940F2}.Debug|Any CPU.Build.0 = Debug|Any CPU
		{88136F11-B415-4AAB-8F5B-02B44B7940F2}.Release|Any CPU.ActiveCfg = Release|Any CPU
		{88136F11-B415-4AAB-8F5B-02B44B7940F2}.Release|Any CPU.Build.0 = Release|Any CPU
	EndGlobalSection
	GlobalSection(SolutionProperties) = preSolution
		HideSolutionNode = FALSE
	EndGlobalSection
	GlobalSection(ExtensibilityGlobals) = postSolution
		SolutionGuid = {DF3469CE-52F4-4A7B-A58F-3F9CD15FB98C}
	EndGlobalSection
EndGlobal
